
Microsoft Visual Studio Solution File, Format Version 12.00
# Visual Studio Version 16
VisualStudioVersion = 16.0.29609.76
MinimumVisualStudioVersion = 10.0.40219.1
Project("{9A19103F-16F7-4668-BE54-9A1E7A4F7556}") = "Holiday_APP", "Holiday_Home\Holiday_APP.csproj", "{05B02184-1260-40B1-964A-B56BC33CDA15}"
EndProject
Global
	GlobalSection(SolutionConfigurationPlatforms) = preSolution
		Debug|Any CPU = Debug|Any CPU
		Release|Any CPU = Release|Any CPU
	EndGlobalSection
	GlobalSection(ProjectConfigurationPlatforms) = postSolution
		{05B02184-1260-40B1-964A-B56BC33CDA15}.Debug|Any CPU.ActiveCfg = Debug|Any CPU
		{05B02184-1260-40B1-964A-B56BC33CDA15}.Debug|Any CPU.Build.0 = Debug|Any CPU
		{05B02184-1260-40B1-964A-B56BC33CDA15}.Release|Any CPU.ActiveCfg = Release|Any CPU
		{05B02184-1260-40B1-964A-B56BC33CDA15}.Release|Any CPU.Build.0 = Release|Any CPU
	EndGlobalSection
	GlobalSection(SolutionProperties) = preSolution
		HideSolutionNode = FALSE
	EndGlobalSection
	GlobalSection(ExtensibilityGlobals) = postSolution
		SolutionGuid = {57644162-FFCE-499B-9765-3EA677FD1EA6}
	EndGlobalSection
EndGlobal
